
Microsoft Visual Studio Solution File, Format Version 12.00
# Visual Studio Version 16
VisualStudioVersion = 16.0.31313.79
MinimumVisualStudioVersion = 10.0.40219.1
Project("{FAE04EC0-301F-11D3-BF4B-00C04F79EFBC}") = "Tech42_Homework_Lesson37", "Tech42_Homework_Lesson37\Tech42_Homework_Lesson37.csproj", "{9516C87A-4D3A-49F9-8F84-593902B7E2F4}"
EndProject
Global
	GlobalSection(SolutionConfigurationPlatforms) = preSolution
		Debug|Any CPU = Debug|Any CPU
		Release|Any CPU = Release|Any CPU
	EndGlobalSection
	GlobalSection(ProjectConfigurationPlatforms) = postSolution
		{9516C87A-4D3A-49F9-8F84-593902B7E2F4}.Debug|Any CPU.ActiveCfg = Debug|Any CPU
		{9516C87A-4D3A-49F9-8F84-593902B7E2F4}.Debug|Any CPU.Build.0 = Debug|Any CPU
		{9516C87A-4D3A-49F9-8F84-593902B7E2F4}.Release|Any CPU.ActiveCfg = Release|Any CPU
		{9516C87A-4D3A-49F9-8F84-593902B7E2F4}.Release|Any CPU.Build.0 = Release|Any CPU
	EndGlobalSection
	GlobalSection(SolutionProperties) = preSolution
		HideSolutionNode = FALSE
	EndGlobalSection
	GlobalSection(ExtensibilityGlobals) = postSolution
		SolutionGuid = {24EE9ABA-C994-4523-A417-659010CD0AFF}
	EndGlobalSection
EndGlobal
